
Microsoft Visual Studio Solution File, Format Version 12.00
# Visual Studio Version 17
VisualStudioVersion = 17.14.36511.14 d17.14
MinimumVisualStudioVersion = 10.0.40219.1
Project("{FAE04EC0-301F-11D3-BF4B-00C04F79EFBC}") = "StackDynamiProfile", "StackDynamiProfile.csproj", "{131C8F40-55E9-4A13-8212-85B911ABB251}"
EndProject
Global
	GlobalSection(SolutionConfigurationPlatforms) = preSolution
		Debug|Any CPU = Debug|Any CPU
		Release|Any CPU = Release|Any CPU
	EndGlobalSection
	GlobalSection(ProjectConfigurationPlatforms) = postSolution
		{131C8F40-55E9-4A13-8212-85B911ABB251}.Debug|Any CPU.ActiveCfg = Debug|Any CPU
		{131C8F40-55E9-4A13-8212-85B911ABB251}.Debug|Any CPU.Build.0 = Debug|Any CPU
		{131C8F40-55E9-4A13-8212-85B911ABB251}.Release|Any CPU.ActiveCfg = Release|Any CPU
		{131C8F40-55E9-4A13-8212-85B911ABB251}.Release|Any CPU.Build.0 = Release|Any CPU
	EndGlobalSection
	GlobalSection(SolutionProperties) = preSolution
		HideSolutionNode = FALSE
	EndGlobalSection
	GlobalSection(ExtensibilityGlobals) = postSolution
		SolutionGuid = {FCA5FD55-53AB-4DD2-95EA-85609B11F1B6}
	EndGlobalSection
EndGlobal
